
Microsoft Visual Studio Solution File, Format Version 12.00
# Visual Studio Version 17
VisualStudioVersion = 17.14.36518.9
MinimumVisualStudioVersion = 10.0.40219.1
Project("{FAE04EC0-301F-11D3-BF4B-00C04F79EFBC}") = "Database", "..\Database\Database.csproj", "{50B1D339-719B-4374-963E-B65077C8087C}"
EndProject
Project("{FAE04EC0-301F-11D3-BF4B-00C04F79EFBC}") = "Services", "..\Services\Services.csproj", "{5C851CF9-51EB-4B26-BD37-4C058C09BAA3}"
EndProject
Project("{FAE04EC0-301F-11D3-BF4B-00C04F79EFBC}") = "Models", "..\Models\Models.csproj", "{94C7A728-A179-41C6-9B84-7C79F350B6DC}"
EndProject
Project("{FAE04EC0-301F-11D3-BF4B-00C04F79EFBC}") = "Repos", "..\Repos\Repos.csproj", "{EB1A1DBF-3A0A-44C9-A0CF-8EF2607E1836}"
EndProject
Project("{FAE04EC0-301F-11D3-BF4B-00C04F79EFBC}") = "FinappCore.Tests", "..\FinappCore.Tests\FinappCore.Tests.csproj", "{EB5A9494-BA41-40C4-9C89-F595D3E68B67}"
EndProject
Global
	GlobalSection(SolutionConfigurationPlatforms) = preSolution
		Debug|Any CPU = Debug|Any CPU
		Release|Any CPU = Release|Any CPU
	EndGlobalSection
	GlobalSection(ProjectConfigurationPlatforms) = postSolution
		{50B1D339-719B-4374-963E-B65077C8087C}.Debug|Any CPU.ActiveCfg = Debug|Any CPU
		{50B1D339-719B-4374-963E-B65077C8087C}.Debug|Any CPU.Build.0 = Debug|Any CPU
		{50B1D339-719B-4374-963E-B65077C8087C}.Release|Any CPU.ActiveCfg = Release|Any CPU
		{50B1D339-719B-4374-963E-B65077C8087C}.Release|Any CPU.Build.0 = Release|Any CPU
		{5C851CF9-51EB-4B26-BD37-4C058C09BAA3}.Debug|Any CPU.ActiveCfg = Debug|Any CPU
		{5C851CF9-51EB-4B26-BD37-4C058C09BAA3}.Debug|Any CPU.Build.0 = Debug|Any CPU
		{5C851CF9-51EB-4B26-BD37-4C058C09BAA3}.Release|Any CPU.ActiveCfg = Release|Any CPU
		{5C851CF9-51EB-4B26-BD37-4C058C09BAA3}.Release|Any CPU.Build.0 = Release|Any CPU
		{94C7A728-A179-41C6-9B84-7C79F350B6DC}.Debug|Any CPU.ActiveCfg = Debug|Any CPU
		{94C7A728-A179-41C6-9B84-7C79F350B6DC}.Debug|Any CPU.Build.0 = Debug|Any CPU
		{94C7A728-A179-41C6-9B84-7C79F350B6DC}.Release|Any CPU.ActiveCfg = Release|Any CPU
		{94C7A728-A179-41C6-9B84-7C79F350B6DC}.Release|Any CPU.Build.0 = Release|Any CPU
		{EB1A1DBF-3A0A-44C9-A0CF-8EF2607E1836}.Debug|Any CPU.ActiveCfg = Debug|Any CPU
		{EB1A1DBF-3A0A-44C9-A0CF-8EF2607E1836}.Debug|Any CPU.Build.0 = Debug|Any CPU
		{EB1A1DBF-3A0A-44C9-A0CF-8EF2607E1836}.Release|Any CPU.ActiveCfg = Release|Any CPU
		{EB1A1DBF-3A0A-44C9-A0CF-8EF2607E1836}.Release|Any CPU.Build.0 = Release|Any CPU
		{EB5A9494-BA41-40C4-9C89-F595D3E68B67}.Debug|Any CPU.ActiveCfg = Debug|Any CPU
		{EB5A9494-BA41-40C4-9C89-F595D3E68B67}.Debug|Any CPU.Build.0 = Debug|Any CPU
		{EB5A9494-BA41-40C4-9C89-F595D3E68B67}.Release|Any CPU.ActiveCfg = Release|Any CPU
		{EB5A9494-BA41-40C4-9C89-F595D3E68B67}.Release|Any CPU.Build.0 = Release|Any CPU
	EndGlobalSection
	GlobalSection(SolutionProperties) = preSolution
		HideSolutionNode = FALSE
	EndGlobalSection
	GlobalSection(ExtensibilityGlobals) = postSolution
		SolutionGuid = {1EEB726F-CB1A-4051-9CFF-1E2D09841B02}
	EndGlobalSection
EndGlobal
